
Microsoft Visual Studio Solution File, Format Version 12.00
# Visual Studio Version 17
VisualStudioVersion = 17.6.33815.320
MinimumVisualStudioVersion = 10.0.40219.1
Project("{FAE04EC0-301F-11D3-BF4B-00C04F79EFBC}") = "Business", "Business\Business.csproj", "{5BD98CC5-725F-4C25-9D77-074678DBFDFA}"
EndProject
Project("{FAE04EC0-301F-11D3-BF4B-00C04F79EFBC}") = "Core", "Core\Core.csproj", "{D9E00E5F-24F5-4B14-8238-EB5479B8F84E}"
EndProject
Project("{FAE04EC0-301F-11D3-BF4B-00C04F79EFBC}") = "DataAccess", "DataAccess\DataAccess.csproj", "{1661497F-A9A1-4C52-9EB6-2135FCF2C27E}"
EndProject
Project("{FAE04EC0-301F-11D3-BF4B-00C04F79EFBC}") = "Entitites", "Entitites\Entitites.csproj", "{AB86DEB4-B8E4-4589-879C-025C593E4776}"
EndProject
Project("{FAE04EC0-301F-11D3-BF4B-00C04F79EFBC}") = "WebApi", "WebApi\WebApi.csproj", "{4E8E4791-2796-4252-BDE7-C819CEDF16C2}"
EndProject
Global
	GlobalSection(SolutionConfigurationPlatforms) = preSolution
		Debug|Any CPU = Debug|Any CPU
		Release|Any CPU = Release|Any CPU
	EndGlobalSection
	GlobalSection(ProjectConfigurationPlatforms) = postSolution
		{5BD98CC5-725F-4C25-9D77-074678DBFDFA}.Debug|Any CPU.ActiveCfg = Debug|Any CPU
		{5BD98CC5-725F-4C25-9D77-074678DBFDFA}.Debug|Any CPU.Build.0 = Debug|Any CPU
		{5BD98CC5-725F-4C25-9D77-074678DBFDFA}.Release|Any CPU.ActiveCfg = Release|Any CPU
		{5BD98CC5-725F-4C25-9D77-074678DBFDFA}.Release|Any CPU.Build.0 = Release|Any CPU
		{D9E00E5F-24F5-4B14-8238-EB5479B8F84E}.Debug|Any CPU.ActiveCfg = Debug|Any CPU
		{D9E00E5F-24F5-4B14-8238-EB5479B8F84E}.Debug|Any CPU.Build.0 = Debug|Any CPU
		{D9E00E5F-24F5-4B14-8238-EB5479B8F84E}.Release|Any CPU.ActiveCfg = Release|Any CPU
		{D9E00E5F-24F5-4B14-8238-EB5479B8F84E}.Release|Any CPU.Build.0 = Release|Any CPU
		{1661497F-A9A1-4C52-9EB6-2135FCF2C27E}.Debug|Any CPU.ActiveCfg = Debug|Any CPU
		{1661497F-A9A1-4C52-9EB6-2135FCF2C27E}.Debug|Any CPU.Build.0 = Debug|Any CPU
		{1661497F-A9A1-4C52-9EB6-2135FCF2C27E}.Release|Any CPU.ActiveCfg = Release|Any CPU
		{1661497F-A9A1-4C52-9EB6-2135FCF2C27E}.Release|Any CPU.Build.0 = Release|Any CPU
		{AB86DEB4-B8E4-4589-879C-025C593E4776}.Debug|Any CPU.ActiveCfg = Debug|Any CPU
		{AB86DEB4-B8E4-4589-879C-025C593E4776}.Debug|Any CPU.Build.0 = Debug|Any CPU
		{AB86DEB4-B8E4-4589-879C-025C593E4776}.Release|Any CPU.ActiveCfg = Release|Any CPU
		{AB86DEB4-B8E4-4589-879C-025C593E4776}.Release|Any CPU.Build.0 = Release|Any CPU
		{4E8E4791-2796-4252-BDE7-C819CEDF16C2}.Debug|Any CPU.ActiveCfg = Debug|Any CPU
		{4E8E4791-2796-4252-BDE7-C819CEDF16C2}.Debug|Any CPU.Build.0 = Debug|Any CPU
		{4E8E4791-2796-4252-BDE7-C819CEDF16C2}.Release|Any CPU.ActiveCfg = Release|Any CPU
		{4E8E4791-2796-4252-BDE7-C819CEDF16C2}.Release|Any CPU.Build.0 = Release|Any CPU
	EndGlobalSection
	GlobalSection(SolutionProperties) = preSolution
		HideSolutionNode = FALSE
	EndGlobalSection
	GlobalSection(ExtensibilityGlobals) = postSolution
		SolutionGuid = {9B83F839-5914-4F7E-9729-FA3F536DA08C}
	EndGlobalSection
EndGlobal
